// !$*UTF8*$!
{
	archiveVersion = 1;
	classes = {
	};
	objectVersion = 46;
	objects = {

/* Begin PBXBuildFile section */
		2B1CF70A19FFA7320095D57C /* Foundation.framework in Frameworks */ = {isa = PBXBuildFile; fileRef = 2B1CF70919FFA7320095D57C /* Foundation.framework */; };
		2B1CF70C19FFA7320095D57C /* CoreGraphics.framework in Frameworks */ = {isa = PBXBuildFile; fileRef = 2B1CF70B19FFA7320095D57C /* CoreGraphics.framework */; };
		2B1CF70E19FFA7320095D57C /* UIKit.framework in Frameworks */ = {isa = PBXBuildFile; fileRef = 2B1CF70D19FFA7320095D57C /* UIKit.framework */; };
		2B1CF71419FFA7320095D57C /* InfoPlist.strings in Resources */ = {isa = PBXBuildFile; fileRef = 2B1CF71219FFA7320095D57C /* InfoPlist.strings */; };
		2B1CF71619FFA7320095D57C /* main.m in Sources */ = {isa = PBXBuildFile; fileRef = 2B1CF71519FFA7320095D57C /* main.m */; };
		2B1CF71A19FFA7320095D57C /* AppDelegate.m in Sources */ = {isa = PBXBuildFile; fileRef = 2B1CF71919FFA7320095D57C /* AppDelegate.m */; };
		2B1CF71D19FFA7320095D57C /* Main.storyboard in Resources */ = {isa = PBXBuildFile; fileRef = 2B1CF71B19FFA7320095D57C /* Main.storyboard */; };
		2B1CF72019FFA7320095D57C /* ViewController.m in Sources */ = {isa = PBXBuildFile; fileRef = 2B1CF71F19FFA7320095D57C /* ViewController.m */; };
		2B1CF72219FFA7320095D57C /* Images.xcassets in Resources */ = {isa = PBXBuildFile; fileRef = 2B1CF72119FFA7320095D57C /* Images.xcassets */; };
		2B1CF72919FFA7320095D57C /* XCTest.framework in Frameworks */ = {isa = PBXBuildFile; fileRef = 2B1CF72819FFA7320095D57C /* XCTest.framework */; };
		2B1CF72A19FFA7320095D57C /* Foundation.framework in Frameworks */ = {isa = PBXBuildFile; fileRef = 2B1CF70919FFA7320095D57C /* Foundation.framework */; };
		2B1CF72B19FFA7320095D57C /* UIKit.framework in Frameworks */ = {isa = PBXBuildFile; fileRef = 2B1CF70D19FFA7320095D57C /* UIKit.framework */; };
		2B1CF73319FFA7320095D57C /* InfoPlist.strings in Resources */ = {isa = PBXBuildFile; fileRef = 2B1CF73119FFA7320095D57C /* InfoPlist.strings */; };
		2B1CF73519FFA7320095D57C /* WwormTests.m in Sources */ = {isa = PBXBuildFile; fileRef = 2B1CF73419FFA7320095D57C /* WwormTests.m */; };
/* End PBXBuildFile section */

/* Begin PBXContainerItemProxy section */
		2B1CF72C19FFA7320095D57C /* PBXContainerItemProxy */ = {
			isa = PBXContainerItemProxy;
			containerPortal = 2B1CF6FE19FFA7320095D57C /* Project object */;
			proxyType = 1;
			remoteGlobalIDString = 2B1CF70519FFA7320095D57C;
			remoteInfo = Wworm;
		};
/* End PBXContainerItemProxy section */

/* Begin PBXFileReference section */
		2B1CF70619FFA7320095D57C /* Wworm.app */ = {isa = PBXFileReference; explicitFileType = wrapper.application; includeInIndex = 0; path = Wworm.app; sourceTree = BUILT_PRODUCTS_DIR; };
		2B1CF70919FFA7320095D57C /* Foundation.framework */ = {isa = PBXFileReference; lastKnownFileType = wrapper.framework; name = Foundation.framework; path = System/Library/Frameworks/Foundation.framework; sourceTree = SDKROOT; };
		2B1CF70B19FFA7320095D57C /* CoreGraphics.framework */ = {isa = PBXFileReference; lastKnownFileType = wrapper.framework; name = CoreGraphics.framework; path = System/Library/Frameworks/CoreGraphics.framework; sourceTree = SDKROOT; };
		2B1CF70D19FFA7320095D57C /* UIKit.framework */ = {isa = PBXFileReference; lastKnownFileType = wrapper.framework; name = UIKit.framework; path = System/Library/Frameworks/UIKit.framework; sourceTree = SDKROOT; };
		2B1CF71119FFA7320095D57C /* Wworm-Info.plist */ = {isa = PBXFileReference; lastKnownFileType = text.plist.xml; path = "Wworm-Info.plist"; sourceTree = "<group>"; };
		2B1CF71319FFA7320095D57C /* en */ = {isa = PBXFileReference; lastKnownFileType = text.plist.strings; name = en; path = en.lproj/InfoPlist.strings; sourceTree = "<group>"; };
		2B1CF71519FFA7320095D57C /* main.m */ = {isa = PBXFileReference; lastKnownFileType = sourcecode.c.objc; path = main.m; sourceTree = "<group>"; };
		2B1CF71719FFA7320095D57C /* Wworm-Prefix.pch */ = {isa = PBXFileReference; lastKnownFileType = sourcecode.c.h; path = "Wworm-Prefix.pch"; sourceTree = "<group>"; };
		2B1CF71819FFA7320095D57C /* AppDelegate.h */ = {isa = PBXFileReference; lastKnownFileType = sourcecode.c.h; path = AppDelegate.h; sourceTree = "<group>"; };
		2B1CF71919FFA7320095D57C /* AppDelegate.m */ = {isa = PBXFileReference; lastKnownFileType = sourcecode.c.objc; path = AppDelegate.m; sourceTree = "<group>"; };
		2B1CF71C19FFA7320095D57C /* Base */ = {isa = PBXFileReference; lastKnownFileType = file.storyboard; name = Base; path = Base.lproj/Main.storyboard; sourceTree = "<group>"; };
		2B1CF71E19FFA7320095D57C /* ViewController.h */ = {isa = PBXFileReference; lastKnownFileType = sourcecode.c.h; path = ViewController.h; sourceTree = "<group>"; };
		2B1CF71F19FFA7320095D57C /* ViewController.m */ = {isa = PBXFileReference; lastKnownFileType = sourcecode.c.objc; path = ViewController.m; sourceTree = "<group>"; };
		2B1CF72119FFA7320095D57C /* Images.xcassets */ = {isa = PBXFileReference; lastKnownFileType = folder.assetcatalog; path = Images.xcassets; sourceTree = "<group>"; };
		2B1CF72719FFA7320095D57C /* WwormTests.xctest */ = {isa = PBXFileReference; explicitFileType = wrapper.cfbundle; includeInIndex = 0; path = WwormTests.xctest; sourceTree = BUILT_PRODUCTS_DIR; };
		2B1CF72819FFA7320095D57C /* XCTest.framework */ = {isa = PBXFileReference; lastKnownFileType = wrapper.framework; name = XCTest.framework; path = Library/Frameworks/XCTest.framework; sourceTree = DEVELOPER_DIR; };
		2B1CF73019FFA7320095D57C /* WwormTests-Info.plist */ = {isa = PBXFileReference; lastKnownFileType = text.plist.xml; path = "WwormTests-Info.plist"; sourceTree = "<group>"; };
		2B1CF73219FFA7320095D57C /* en */ = {isa = PBXFileReference; lastKnownFileType = text.plist.strings; name = en; path = en.lproj/InfoPlist.strings; sourceTree = "<group>"; };
		2B1CF73419FFA7320095D57C /* WwormTests.m */ = {isa = PBXFileReference; lastKnownFileType = sourcecode.c.objc; path = WwormTests.m; sourceTree = "<group>"; };
/* End PBXFileReference section */

/* Begin PBXFrameworksBuildPhase section */
		2B1CF70319FFA7320095D57C /* Frameworks */ = {
			isa = PBXFrameworksBuildPhase;
			buildActionMask = 2147483647;
			files = (
				2B1CF70C19FFA7320095D57C /* CoreGraphics.framework in Frameworks */,
				2B1CF70E19FFA7320095D57C /* UIKit.framework in Frameworks */,
				2B1CF70A19FFA7320095D57C /* Foundation.framework in Frameworks */,
			);
			runOnlyForDeploymentPostprocessing = 0;
		};
		2B1CF72419FFA7320095D57C /* Frameworks */ = {
			isa = PBXFrameworksBuildPhase;
			buildActionMask = 2147483647;
			files = (
				2B1CF72919FFA7320095D57C /* XCTest.framework in Frameworks */,
				2B1CF72B19FFA7320095D57C /* UIKit.framework in Frameworks */,
				2B1CF72A19FFA7320095D57C /* Foundation.framework in Frameworks */,
			);
			runOnlyForDeploymentPostprocessing = 0;
		};
/* End PBXFrameworksBuildPhase section */

/* Begin PBXGroup section */
		2B1CF6FD19FFA7320095D57C = {
			isa = PBXGroup;
			children = (
				2B1CF70F19FFA7320095D57C /* Wworm */,
				2B1CF72E19FFA7320095D57C /* WwormTests */,
				2B1CF70819FFA7320095D57C /* Frameworks */,
				2B1CF70719FFA7320095D57C /* Products */,
			);
			sourceTree = "<group>";
		};
		2B1CF70719FFA7320095D57C /* Products */ = {
			isa = PBXGroup;
			children = (
				2B1CF70619FFA7320095D57C /* Wworm.app */,
				2B1CF72719FFA7320095D57C /* WwormTests.xctest */,
			);
			name = Products;
			sourceTree = "<group>";
		};
		2B1CF70819FFA7320095D57C /* Frameworks */ = {
			isa = PBXGroup;
			children = (
				2B1CF70919FFA7320095D57C /* Foundation.framework */,
				2B1CF70B19FFA7320095D57C /* CoreGraphics.framework */,
				2B1CF70D19FFA7320095D57C /* UIKit.framework */,
				2B1CF72819FFA7320095D57C /* XCTest.framework */,
			);
			name = Frameworks;
			sourceTree = "<group>";
		};
		2B1CF70F19FFA7320095D57C /* Wworm */ = {
			isa = PBXGroup;
			children = (
				2B1CF71819FFA7320095D57C /* AppDelegate.h */,
				2B1CF71919FFA7320095D57C /* AppDelegate.m */,
				2B1CF71B19FFA7320095D57C /* Main.storyboard */,
				2B1CF71E19FFA7320095D57C /* ViewController.h */,
				2B1CF71F19FFA7320095D57C /* ViewController.m */,
				2B1CF72119FFA7320095D57C /* Images.xcassets */,
				2B1CF71019FFA7320095D57C /* Supporting Files */,
			);
			path = Wworm;
			sourceTree = "<group>";
		};
		2B1CF71019FFA7320095D57C /* Supporting Files */ = {
			isa = PBXGroup;
			children = (
				2B1CF71119FFA7320095D57C /* Wworm-Info.plist */,
				2B1CF71219FFA7320095D57C /* InfoPlist.strings */,
				2B1CF71519FFA7320095D57C /* main.m */,
				2B1CF71719FFA7320095D57C /* Wworm-Prefix.pch */,
			);
			name = "Supporting Files";
			sourceTree = "<group>";
		};
		2B1CF72E19FFA7320095D57C /* WwormTests */ = {
			isa = PBXGroup;
			children = (
				2B1CF73419FFA7320095D57C /* WwormTests.m */,
				2B1CF72F19FFA7320095D57C /* Supporting Files */,
			);
			path = WwormTests;
			sourceTree = "<group>";
		};
		2B1CF72F19FFA7320095D57C /* Supporting Files */ = {
			isa = PBXGroup;
			children = (
				2B1CF73019FFA7320095D57C /* WwormTests-Info.plist */,
				2B1CF73119FFA7320095D57C /* InfoPlist.strings */,
			);
			name = "Supporting Files";
			sourceTree = "<group>";
		};
/* End PBXGroup section */

/* Begin PBXNativeTarget section */
		2B1CF70519FFA7320095D57C /* Wworm */ = {
			isa = PBXNativeTarget;
			buildConfigurationList = 2B1CF73819FFA7320095D57C /* Build configuration list for PBXNativeTarget "Wworm" */;
			buildPhases = (
				2B1CF70219FFA7320095D57C /* Sources */,
				2B1CF70319FFA7320095D57C /* Frameworks */,
				2B1CF70419FFA7320095D57C /* Resources */,
			);
			buildRules = (
			);
			dependencies = (
			);
			name = Wworm;
			productName = Wworm;
			productReference = 2B1CF70619FFA7320095D57C /* Wworm.app */;
			productType = "com.apple.product-type.application";
		};
		2B1CF72619FFA7320095D57C /* WwormTests */ = {
			isa = PBXNativeTarget;
			buildConfigurationList = 2B1CF73B19FFA7320095D57C /* Build configuration list for PBXNativeTarget "WwormTests" */;
			buildPhases = (
				2B1CF72319FFA7320095D57C /* Sources */,
				2B1CF72419FFA7320095D57C /* Frameworks */,
				2B1CF72519FFA7320095D57C /* Resources */,
			);
			buildRules = (
			);
			dependencies = (
				2B1CF72D19FFA7320095D57C /* PBXTargetDependency */,
			);
			name = WwormTests;
			productName = WwormTests;
			productReference = 2B1CF72719FFA7320095D57C /* WwormTests.xctest */;
			productType = "com.apple.product-type.bundle.unit-test";
		};
/* End PBXNativeTarget section */

/* Begin PBXProject section */
		2B1CF6FE19FFA7320095D57C /* Project object */ = {
			isa = PBXProject;
			attributes = {
				LastUpgradeCheck = 0510;
				ORGANIZATIONNAME = "___FULLUSERNAME___";
				TargetAttributes = {
					2B1CF72619FFA7320095D57C = {
						TestTargetID = 2B1CF70519FFA7320095D57C;
					};
				};
			};
			buildConfigurationList = 2B1CF70119FFA7320095D57C /* Build configuration list for PBXProject "Wworm" */;
			compatibilityVersion = "Xcode 3.2";
			developmentRegion = English;
			hasScannedForEncodings = 0;
			knownRegions = (
				en,
				Base,
			);
			mainGroup = 2B1CF6FD19FFA7320095D57C;
			productRefGroup = 2B1CF70719FFA7320095D57C /* Products */;
			projectDirPath = "";
			projectRoot = "";
			targets = (
				2B1CF70519FFA7320095D57C /* Wworm */,
				2B1CF72619FFA7320095D57C /* WwormTests */,
			);
		};
/* End PBXProject section */

/* Begin PBXResourcesBuildPhase section */
		2B1CF70419FFA7320095D57C /* Resources */ = {
			isa = PBXResourcesBuildPhase;
			buildActionMask = 2147483647;
			files = (
				2B1CF72219FFA7320095D57C /* Images.xcassets in Resources */,
				2B1CF71419FFA7320095D57C /* InfoPlist.strings in Resources */,
				2B1CF71D19FFA7320095D57C /* Main.storyboard in Resources */,
			);
			runOnlyForDeploymentPostprocessing = 0;
		};
		2B1CF72519FFA7320095D57C /* Resources */ = {
			isa = PBXResourcesBuildPhase;
			buildActionMask = 2147483647;
			files = (
				2B1CF73319FFA7320095D57C /* InfoPlist.strings in Resources */,
			);
			runOnlyForDeploymentPostprocessing = 0;
		};
/* End PBXResourcesBuildPhase section */

/* Begin PBXSourcesBuildPhase section */
		2B1CF70219FFA7320095D57C /* Sources */ = {
			isa = PBXSourcesBuildPhase;
			buildActionMask = 2147483647;
			files = (
				2B1CF72019FFA7320095D57C /* ViewController.m in Sources */,
				2B1CF71A19FFA7320095D57C /* AppDelegate.m in Sources */,
				2B1CF71619FFA7320095D57C /* main.m in Sources */,
			);
			runOnlyForDeploymentPostprocessing = 0;
		};
		2B1CF72319FFA7320095D57C /* Sources */ = {
			isa = PBXSourcesBuildPhase;
			buildActionMask = 2147483647;
			files = (
				2B1CF73519FFA7320095D57C /* WwormTests.m in Sources */,
			);
			runOnlyForDeploymentPostprocessing = 0;
		};
/* End PBXSourcesBuildPhase section */

/* Begin PBXTargetDependency section */
		2B1CF72D19FFA7320095D57C /* PBXTargetDependency */ = {
			isa = PBXTargetDependency;
			target = 2B1CF70519FFA7320095D57C /* Wworm */;
			targetProxy = 2B1CF72C19FFA7320095D57C /* PBXContainerItemProxy */;
		};
/* End PBXTargetDependency section */

/* Begin PBXVariantGroup section */
		2B1CF71219FFA7320095D57C /* InfoPlist.strings */ = {
			isa = PBXVariantGroup;
			children = (
				2B1CF71319FFA7320095D57C /* en */,
			);
			name = InfoPlist.strings;
			sourceTree = "<group>";
		};
		2B1CF71B19FFA7320095D57C /* Main.storyboard */ = {
			isa = PBXVariantGroup;
			children = (
				2B1CF71C19FFA7320095D57C /* Base */,
			);
			name = Main.storyboard;
			sourceTree = "<group>";
		};
		2B1CF73119FFA7320095D57C /* InfoPlist.strings */ = {
			isa = PBXVariantGroup;
			children = (
				2B1CF73219FFA7320095D57C /* en */,
			);
			name = InfoPlist.strings;
			sourceTree = "<group>";
		};
/* End PBXVariantGroup section */

/* Begin XCBuildConfiguration section */
		2B1CF73619FFA7320095D57C /* Debug */ = {
			isa = XCBuildConfiguration;
			buildSettings = {
				ALWAYS_SEARCH_USER_PATHS = NO;
				CLANG_CXX_LANGUAGE_STANDARD = "gnu++0x";
				CLANG_CXX_LIBRARY = "libc++";
				CLANG_ENABLE_MODULES = YES;
				CLANG_ENABLE_OBJC_ARC = YES;
				CLANG_WARN_BOOL_CONVERSION = YES;
				CLANG_WARN_CONSTANT_CONVERSION = YES;
				CLANG_WARN_DIRECT_OBJC_ISA_USAGE = YES_ERROR;
				CLANG_WARN_EMPTY_BODY = YES;
				CLANG_WARN_ENUM_CONVERSION = YES;
				CLANG_WARN_INT_CONVERSION = YES;
				CLANG_WARN_OBJC_ROOT_CLASS = YES_ERROR;
				CLANG_WARN__DUPLICATE_METHOD_MATCH = YES;
				"CODE_SIGN_IDENTITY[sdk=iphoneos*]" = "iPhone Developer";
				COPY_PHASE_STRIP = NO;
				GCC_C_LANGUAGE_STANDARD = gnu99;
				GCC_DYNAMIC_NO_PIC = NO;
				GCC_OPTIMIZATION_LEVEL = 0;
				GCC_PREPROCESSOR_DEFINITIONS = (
					"DEBUG=1",
					"$(inherited)",
				);
				GCC_SYMBOLS_PRIVATE_EXTERN = NO;
				GCC_WARN_64_TO_32_BIT_CONVERSION = YES;
				GCC_WARN_ABOUT_RETURN_TYPE = YES_ERROR;
				GCC_WARN_UNDECLARED_SELECTOR = YES;
				GCC_WARN_UNINITIALIZED_AUTOS = YES_AGGRESSIVE;
				GCC_WARN_UNUSED_FUNCTION = YES;
				GCC_WARN_UNUSED_VARIABLE = YES;
				IPHONEOS_DEPLOYMENT_TARGET = 7.1;
				ONLY_ACTIVE_ARCH = YES;
				SDKROOT = iphoneos;
			};
			name = Debug;
		};
		2B1CF73719FFA7320095D57C /* Release */ = {
			isa = XCBuildConfiguration;
			buildSettings = {
				ALWAYS_SEARCH_USER_PATHS = NO;
				CLANG_CXX_LANGUAGE_STANDARD = "gnu++0x";
				CLANG_CXX_LIBRARY = "libc++";
				CLANG_ENABLE_MODULES = YES;
				CLANG_ENABLE_OBJC_ARC = YES;
				CLANG_WARN_BOOL_CONVERSION = YES;
				CLANG_WARN_CONSTANT_CONVERSION = YES;
				CLANG_WARN_DIRECT_OBJC_ISA_USAGE = YES_ERROR;
				CLANG_WARN_EMPTY_BODY = YES;
				CLANG_WARN_ENUM_CONVERSION = YES;
				CLANG_WARN_INT_CONVERSION = YES;
				CLANG_WARN_OBJC_ROOT_CLASS = YES_ERROR;
				CLANG_WARN__DUPLICATE_METHOD_MATCH = YES;
				"CODE_SIGN_IDENTITY[sdk=iphoneos*]" = "iPhone Developer";
				COPY_PHASE_STRIP = YES;
				ENABLE_NS_ASSERTIONS = NO;
				GCC_C_LANGUAGE_STANDARD = gnu99;
				GCC_WARN_64_TO_32_BIT_CONVERSION = YES;
				GCC_WARN_ABOUT_RETURN_TYPE = YES_ERROR;
				GCC_WARN_UNDECLARED_SELECTOR = YES;
				GCC_WARN_UNINITIALIZED_AUTOS = YES_AGGRESSIVE;
				GCC_WARN_UNUSED_FUNCTION = YES;
				GCC_WARN_UNUSED_VARIABLE = YES;
				IPHONEOS_DEPLOYMENT_TARGET = 7.1;
				SDKROOT = iphoneos;
				VALIDATE_PRODUCT = YES;
			};
			name = Release;
		};
		2B1CF73919FFA7320095D57C /* Debug */ = {
			isa = XCBuildConfiguration;
			buildSettings = {
				ASSETCATALOG_COMPILER_APPICON_NAME = AppIcon;
				ASSETCATALOG_COMPILER_LAUNCHIMAGE_NAME = LaunchImage;
				GCC_PRECOMPILE_PREFIX_HEADER = YES;
				GCC_PREFIX_HEADER = "Wworm/Wworm-Prefix.pch";
				INFOPLIST_FILE = "Wworm/Wworm-Info.plist";
				PRODUCT_NAME = "$(TARGET_NAME)";
				WRAPPER_EXTENSION = app;
			};
			name = Debug;
		};
		2B1CF73A19FFA7320095D57C /* Release */ = {
			isa = XCBuildConfiguration;
			buildSettings = {
				ASSETCATALOG_COMPILER_APPICON_NAME = AppIcon;
				ASSETCATALOG_COMPILER_LAUNCHIMAGE_NAME = LaunchImage;
				GCC_PRECOMPILE_PREFIX_HEADER = YES;
				GCC_PREFIX_HEADER = "Wworm/Wworm-Prefix.pch";
				INFOPLIST_FILE = "Wworm/Wworm-Info.plist";
				PRODUCT_NAME = "$(TARGET_NAME)";
				WRAPPER_EXTENSION = app;
			};
			name = Release;
		};
		2B1CF73C19FFA7320095D57C /* Debug */ = {
			isa = XCBuildConfiguration;
			buildSettings = {
				BUNDLE_LOADER = "$(BUILT_PRODUCTS_DIR)/Wworm.app/Wworm";
				FRAMEWORK_SEARCH_PATHS = (
					"$(SDKROOT)/Developer/Library/Frameworks",
					"$(inherited)",
					"$(DEVELOPER_FRAMEWORKS_DIR)",
				);
				GCC_PRECOMPILE_PREFIX_HEADER = YES;
				GCC_PREFIX_HEADER = "Wworm/Wworm-Prefix.pch";
				GCC_PREPROCESSOR_DEFINITIONS = (
					"DEBUG=1",
					"$(inherited)",
				);
				INFOPLIST_FILE = "WwormTests/WwormTests-Info.plist";
				PRODUCT_NAME = "$(TARGET_NAME)";
				TEST_HOST = "$(BUNDLE_LOADER)";
				WRAPPER_EXTENSION = xctest;
			};
			name = Debug;
		};
		2B1CF73D19FFA7320095D57C /* Release */ = {
			isa = XCBuildConfiguration;
			buildSettings = {
				BUNDLE_LOADER = "$(BUILT_PRODUCTS_DIR)/Wworm.app/Wworm";
				FRAMEWORK_SEARCH_PATHS = (
					"$(SDKROOT)/Developer/Library/Frameworks",
					"$(inherited)",
					"$(DEVELOPER_FRAMEWORKS_DIR)",
				);
				GCC_PRECOMPILE_PREFIX_HEADER = YES;
				GCC_PREFIX_HEADER = "Wworm/Wworm-Prefix.pch";
				INFOPLIST_FILE = "WwormTests/WwormTests-Info.plist";
				PRODUCT_NAME = "$(TARGET_NAME)";
				TEST_HOST = "$(BUNDLE_LOADER)";
				WRAPPER_EXTENSION = xctest;
			};
			name = Release;
		};
/* End XCBuildConfiguration section */

/* Begin XCConfigurationList section */
		2B1CF70119FFA7320095D57C /* Build configuration list for PBXProject "Wworm" */ = {
			isa = XCConfigurationList;
			buildConfigurations = (
				2B1CF73619FFA7320095D57C /* Debug */,
				2B1CF73719FFA7320095D57C /* Release */,
			);
			defaultConfigurationIsVisible = 0;
			defaultConfigurationName = Release;
		};
		2B1CF73819FFA7320095D57C /* Build configuration list for PBXNativeTarget "Wworm" */ = {
			isa = XCConfigurationList;
			buildConfigurations = (
				2B1CF73919FFA7320095D57C /* Debug */,
				2B1CF73A19FFA7320095D57C /* Release */,
			);
			defaultConfigurationIsVisible = 0;
		};
		2B1CF73B19FFA7320095D57C /* Build configuration list for PBXNativeTarget "WwormTests" */ = {
			isa = XCConfigurationList;
			buildConfigurations = (
				2B1CF73C19FFA7320095D57C /* Debug */,
				2B1CF73D19FFA7320095D57C /* Release */,
			);
			defaultConfigurationIsVisible = 0;
		};
/* End XCConfigurationList section */
	};
	rootObject = 2B1CF6FE19FFA7320095D57C /* Project object */;
}
